github.com/integrii/flaggy v0.0.0-20181007032133-1056ce330646 h1:TVhJwbh3Mq4cVdaQdIp46GQgYbatkToa8jjoy8mr7is=
github.com/integrii/flaggy v0.0.0-20181007032133-1056ce330646/go.mod h1:3cpVUtAftUH2sUWSsXjFhC6o9aRkLEAuxGQV/qXbSOQ=
golang.org/x/text v0.3.0 h1:g61tztE5qeGQ89tm6NTjjM9VPIm088od1l6aSorWRWg=
golang.org/x/text v0.3.0/go.mod h1:NqM8EUOU14njkJ3fqMW+pc6Ldnwhi/IjpwHt7yyuwOQ=
